lockfileVersion: '9.0'

settings:
  autoInstallPeers: true
  excludeLinksFromLockfile: false

importers:

  .:
    dependencies:
      qrcode.react:
        specifier: ^4.2.0
        version: 4.2.0(react@19.1.6)
      react:
        specifier: ~19.1.0
        version: 19.1.6

packages:

  qrcode.react@4.2.0:
    resolution: {integrity: sha512-QpgqWi8rD9DsS9EP3z7BT+5lY5SFhsqGjpgW5DY/i3mK4M9DTBNz3ErMi8BWYEfI3L0d8GIbGmcdFAS1uIRGjA==}
    peerDependencies:
      react: ^16.8.0 || ^17.0.0 || ^18.0.0 || ^19.0.0

  react@19.1.6:
    resolution: {integrity: sha512-GVXa6S2mNw6QQg1KZRnX7fB/3F5sEy+7nsL8IrrlOLDxKXyfR97ZP3hNvWidFy1YkJlUvMYpeqUFxwY1ez6h3A==}
    engines: {node: '>=0.10.0'}

snapshots:

  qrcode.react@4.2.0(react@19.1.6):
    dependencies:
      react: 19.1.6

  react@19.1.6: {}
